// !$*UTF8*$!
{
	archiveVersion = 1;
	classes = {
	};
	objectVersion = 56;
	objects = {

/* Begin PBXBuildFile section */
		F7E4985B2BC5419D00E5D0DA /* alertNukeApp.swift in Sources */ = {isa = PBXBuildFile; fileRef = F7E4985A2BC5419D00E5D0DA /* alertNukeApp.swift */; };
		F7E4985D2BC5419D00E5D0DA /* Persistence.swift in Sources */ = {isa = PBXBuildFile; fileRef = F7E4985C2BC5419D00E5D0DA /* Persistence.swift */; };
		F7E498602BC5419D00E5D0DA /* alertNuke.xcdatamodeld in Sources */ = {isa = PBXBuildFile; fileRef = F7E4985E2BC5419D00E5D0DA /* alertNuke.xcdatamodeld */; };
		F7E498622BC5419D00E5D0DA /* ContentView.swift in Sources */ = {isa = PBXBuildFile; fileRef = F7E498612BC5419D00E5D0DA /* ContentView.swift */; };
		F7E498642BC5419E00E5D0DA /* Assets.xcassets in Resources */ = {isa = PBXBuildFile; fileRef = F7E498632BC5419E00E5D0DA /* Assets.xcassets */; };
		F7E498682BC5419E00E5D0DA /* Preview Assets.xcassets in Resources */ = {isa = PBXBuildFile; fileRef = F7E498672BC5419E00E5D0DA /* Preview Assets.xcassets */; };
		F7E498722BC5419E00E5D0DA /* alertNukeTests.swift in Sources */ = {isa = PBXBuildFile; fileRef = F7E498712BC5419E00E5D0DA /* alertNukeTests.swift */; };
		F7E4987C2BC5419E00E5D0DA /* alertNukeUITests.swift in Sources */ = {isa = PBXBuildFile; fileRef = F7E4987B2BC5419E00E5D0DA /* alertNukeUITests.swift */; };
		F7E4987E2BC5419E00E5D0DA /* alertNukeUITestsLaunchTests.swift in Sources */ = {isa = PBXBuildFile; fileRef = F7E4987D2BC5419E00E5D0DA /* alertNukeUITestsLaunchTests.swift */; };
/* End PBXBuildFile section */

/* Begin PBXContainerItemProxy section */
		F7E4986E2BC5419E00E5D0DA /* PBXContainerItemProxy */ = {
			isa = PBXContainerItemProxy;
			containerPortal = F7E4984F2BC5419D00E5D0DA /* Project object */;
			proxyType = 1;
			remoteGlobalIDString = F7E498562BC5419D00E5D0DA;
			remoteInfo = alertNuke;
		};
		F7E498782BC5419E00E5D0DA /* PBXContainerItemProxy */ = {
			isa = PBXContainerItemProxy;
			containerPortal = F7E4984F2BC5419D00E5D0DA /* Project object */;
			proxyType = 1;
			remoteGlobalIDString = F7E498562BC5419D00E5D0DA;
			remoteInfo = alertNuke;
		};
/* End PBXContainerItemProxy section */

/* Begin PBXFileReference section */
		F7E498572BC5419D00E5D0DA /* alertNuke.app */ = {isa = PBXFileReference; explicitFileType = wrapper.application; includeInIndex = 0; path = alertNuke.app; sourceTree = BUILT_PRODUCTS_DIR; };
		F7E4985A2BC5419D00E5D0DA /* alertNukeApp.swift */ = {isa = PBXFileReference; lastKnownFileType = sourcecode.swift; path = alertNukeApp.swift; sourceTree = "<group>"; };
		F7E4985C2BC5419D00E5D0DA /* Persistence.swift */ = {isa = PBXFileReference; lastKnownFileType = sourcecode.swift; path = Persistence.swift; sourceTree = "<group>"; };
		F7E4985F2BC5419D00E5D0DA /* alertNuke.xcdatamodel */ = {isa = PBXFileReference; lastKnownFileType = wrapper.xcdatamodel; path = alertNuke.xcdatamodel; sourceTree = "<group>"; };
		F7E498612BC5419D00E5D0DA /* ContentView.swift */ = {isa = PBXFileReference; lastKnownFileType = sourcecode.swift; path = ContentView.swift; sourceTree = "<group>"; };
		F7E498632BC5419E00E5D0DA /* Assets.xcassets */ = {isa = PBXFileReference; lastKnownFileType = folder.assetcatalog; path = Assets.xcassets; sourceTree = "<group>"; };
		F7E498652BC5419E00E5D0DA /* alertNuke.entitlements */ = {isa = PBXFileReference; lastKnownFileType = text.plist.entitlements; path = alertNuke.entitlements; sourceTree = "<group>"; };
		F7E498672BC5419E00E5D0DA /* Preview Assets.xcassets */ = {isa = PBXFileReference; lastKnownFileType = folder.assetcatalog; path = "Preview Assets.xcassets"; sourceTree = "<group>"; };
		F7E4986D2BC5419E00E5D0DA /* alertNukeTests.xctest */ = {isa = PBXFileReference; explicitFileType = wrapper.cfbundle; includeInIndex = 0; path = alertNukeTests.xctest; sourceTree = BUILT_PRODUCTS_DIR; };
		F7E498712BC5419E00E5D0DA /* alertNukeTests.swift */ = {isa = PBXFileReference; lastKnownFileType = sourcecode.swift; path = alertNukeTests.swift; sourceTree = "<group>"; };
		F7E498772BC5419E00E5D0DA /* alertNukeUITests.xctest */ = {isa = PBXFileReference; explicitFileType = wrapper.cfbundle; includeInIndex = 0; path = alertNukeUITests.xctest; sourceTree = BUILT_PRODUCTS_DIR; };
		F7E4987B2BC5419E00E5D0DA /* alertNukeUITests.swift */ = {isa = PBXFileReference; lastKnownFileType = sourcecode.swift; path = alertNukeUITests.swift; sourceTree = "<group>"; };
		F7E4987D2BC5419E00E5D0DA /* alertNukeUITestsLaunchTests.swift */ = {isa = PBXFileReference; lastKnownFileType = sourcecode.swift; path = alertNukeUITestsLaunchTests.swift; sourceTree = "<group>"; };
/* End PBXFileReference section */

/* Begin PBXFrameworksBuildPhase section */
		F7E498542BC5419D00E5D0DA /* Frameworks */ = {
			isa = PBXFrameworksBuildPhase;
			buildActionMask = 2147483647;
			files = (
			);
			runOnlyForDeploymentPostprocessing = 0;
		};
		F7E4986A2BC5419E00E5D0DA /* Frameworks */ = {
			isa = PBXFrameworksBuildPhase;
			buildActionMask = 2147483647;
			files = (
			);
			runOnlyForDeploymentPostprocessing = 0;
		};
		F7E498742BC5419E00E5D0DA /* Frameworks */ = {
			isa = PBXFrameworksBuildPhase;
			buildActionMask = 2147483647;
			files = (
			);
			runOnlyForDeploymentPostprocessing = 0;
		};
/* End PBXFrameworksBuildPhase section */

/* Begin PBXGroup section */
		F7E4984E2BC5419D00E5D0DA = {
			isa = PBXGroup;
			children = (
				F7E498592BC5419D00E5D0DA /* alertNuke */,
				F7E498702BC5419E00E5D0DA /* alertNukeTests */,
				F7E4987A2BC5419E00E5D0DA /* alertNukeUITests */,
				F7E498582BC5419D00E5D0DA /* Products */,
			);
			sourceTree = "<group>";
		};
		F7E498582BC5419D00E5D0DA /* Products */ = {
			isa = PBXGroup;
			children = (
				F7E498572BC5419D00E5D0DA /* alertNuke.app */,
				F7E4986D2BC5419E00E5D0DA /* alertNukeTests.xctest */,
				F7E498772BC5419E00E5D0DA /* alertNukeUITests.xctest */,
			);
			name = Products;
			sourceTree = "<group>";
		};
		F7E498592BC5419D00E5D0DA /* alertNuke */ = {
			isa = PBXGroup;
			children = (
				F7E4985A2BC5419D00E5D0DA /* alertNukeApp.swift */,
				F7E4985C2BC5419D00E5D0DA /* Persistence.swift */,
				F7E498612BC5419D00E5D0DA /* ContentView.swift */,
				F7E498632BC5419E00E5D0DA /* Assets.xcassets */,
				F7E498652BC5419E00E5D0DA /* alertNuke.entitlements */,
				F7E4985E2BC5419D00E5D0DA /* alertNuke.xcdatamodeld */,
				F7E498662BC5419E00E5D0DA /* Preview Content */,
			);
			path = alertNuke;
			sourceTree = "<group>";
		};
		F7E498662BC5419E00E5D0DA /* Preview Content */ = {
			isa = PBXGroup;
			children = (
				F7E498672BC5419E00E5D0DA /* Preview Assets.xcassets */,
			);
			path = "Preview Content";
			sourceTree = "<group>";
		};
		F7E498702BC5419E00E5D0DA /* alertNukeTests */ = {
			isa = PBXGroup;
			children = (
				F7E498712BC5419E00E5D0DA /* alertNukeTests.swift */,
			);
			path = alertNukeTests;
			sourceTree = "<group>";
		};
		F7E4987A2BC5419E00E5D0DA /* alertNukeUITests */ = {
			isa = PBXGroup;
			children = (
				F7E4987B2BC5419E00E5D0DA /* alertNukeUITests.swift */,
				F7E4987D2BC5419E00E5D0DA /* alertNukeUITestsLaunchTests.swift */,
			);
			path = alertNukeUITests;
			sourceTree = "<group>";
		};
/* End PBXGroup section */

/* Begin PBXNativeTarget section */
		F7E498562BC5419D00E5D0DA /* alertNuke */ = {
			isa = PBXNativeTarget;
			buildConfigurationList = F7E498812BC5419E00E5D0DA /* Build configuration list for PBXNativeTarget "alertNuke" */;
			buildPhases = (
				F7E498532BC5419D00E5D0DA /* Sources */,
				F7E498542BC5419D00E5D0DA /* Frameworks */,
				F7E498552BC5419D00E5D0DA /* Resources */,
			);
			buildRules = (
			);
			dependencies = (
			);
			name = alertNuke;
			productName = alertNuke;
			productReference = F7E498572BC5419D00E5D0DA /* alertNuke.app */;
			productType = "com.apple.product-type.application";
		};
		F7E4986C2BC5419E00E5D0DA /* alertNukeTests */ = {
			isa = PBXNativeTarget;
			buildConfigurationList = F7E498842BC5419E00E5D0DA /* Build configuration list for PBXNativeTarget "alertNukeTests" */;
			buildPhases = (
				F7E498692BC5419E00E5D0DA /* Sources */,
				F7E4986A2BC5419E00E5D0DA /* Frameworks */,
				F7E4986B2BC5419E00E5D0DA /* Resources */,
			);
			buildRules = (
			);
			dependencies = (
				F7E4986F2BC5419E00E5D0DA /* PBXTargetDependency */,
			);
			name = alertNukeTests;
			productName = alertNukeTests;
			productReference = F7E4986D2BC5419E00E5D0DA /* alertNukeTests.xctest */;
			productType = "com.apple.product-type.bundle.unit-test";
		};
		F7E498762BC5419E00E5D0DA /* alertNukeUITests */ = {
			isa = PBXNativeTarget;
			buildConfigurationList = F7E498872BC5419E00E5D0DA /* Build configuration list for PBXNativeTarget "alertNukeUITests" */;
			buildPhases = (
				F7E498732BC5419E00E5D0DA /* Sources */,
				F7E498742BC5419E00E5D0DA /* Frameworks */,
				F7E498752BC5419E00E5D0DA /* Resources */,
			);
			buildRules = (
			);
			dependencies = (
				F7E498792BC5419E00E5D0DA /* PBXTargetDependency */,
			);
			name = alertNukeUITests;
			productName = alertNukeUITests;
			productReference = F7E498772BC5419E00E5D0DA /* alertNukeUITests.xctest */;
			productType = "com.apple.product-type.bundle.ui-testing";
		};
/* End PBXNativeTarget section */

/* Begin PBXProject section */
		F7E4984F2BC5419D00E5D0DA /* Project object */ = {
			isa = PBXProject;
			attributes = {
				BuildIndependentTargetsInParallel = 1;
				LastSwiftUpdateCheck = 1520;
				LastUpgradeCheck = 1520;
				TargetAttributes = {
					F7E498562BC5419D00E5D0DA = {
						CreatedOnToolsVersion = 15.2;
					};
					F7E4986C2BC5419E00E5D0DA = {
						CreatedOnToolsVersion = 15.2;
						TestTargetID = F7E498562BC5419D00E5D0DA;
					};
					F7E498762BC5419E00E5D0DA = {
						CreatedOnToolsVersion = 15.2;
						TestTargetID = F7E498562BC5419D00E5D0DA;
					};
				};
			};
			buildConfigurationList = F7E498522BC5419D00E5D0DA /* Build configuration list for PBXProject "alertNuke" */;
			compatibilityVersion = "Xcode 14.0";
			developmentRegion = en;
			hasScannedForEncodings = 0;
			knownRegions = (
				en,
				Base,
			);
			mainGroup = F7E4984E2BC5419D00E5D0DA;
			productRefGroup = F7E498582BC5419D00E5D0DA /* Products */;
			projectDirPath = "";
			projectRoot = "";
			targets = (
				F7E498562BC5419D00E5D0DA /* alertNuke */,
				F7E4986C2BC5419E00E5D0DA /* alertNukeTests */,
				F7E498762BC5419E00E5D0DA /* alertNukeUITests */,
			);
		};
/* End PBXProject section */

/* Begin PBXResourcesBuildPhase section */
		F7E498552BC5419D00E5D0DA /* Resources */ = {
			isa = PBXResourcesBuildPhase;
			buildActionMask = 2147483647;
			files = (
				F7E498682BC5419E00E5D0DA /* Preview Assets.xcassets in Resources */,
				F7E498642BC5419E00E5D0DA /* Assets.xcassets in Resources */,
			);
			runOnlyForDeploymentPostprocessing = 0;
		};
		F7E4986B2BC5419E00E5D0DA /* Resources */ = {
			isa = PBXResourcesBuildPhase;
			buildActionMask = 2147483647;
			files = (
			);
			runOnlyForDeploymentPostprocessing = 0;
		};
		F7E498752BC5419E00E5D0DA /* Resources */ = {
			isa = PBXResourcesBuildPhase;
			buildActionMask = 2147483647;
			files = (
			);
			runOnlyForDeploymentPostprocessing = 0;
		};
/* End PBXResourcesBuildPhase section */

/* Begin PBXSourcesBuildPhase section */
		F7E498532BC5419D00E5D0DA /* Sources */ = {
			isa = PBXSourcesBuildPhase;
			buildActionMask = 2147483647;
			files = (
				F7E498602BC5419D00E5D0DA /* alertNuke.xcdatamodeld in Sources */,
				F7E4985B2BC5419D00E5D0DA /* alertNukeApp.swift in Sources */,
				F7E498622BC5419D00E5D0DA /* ContentView.swift in Sources */,
				F7E4985D2BC5419D00E5D0DA /* Persistence.swift in Sources */,
			);
			runOnlyForDeploymentPostprocessing = 0;
		};
		F7E498692BC5419E00E5D0DA /* Sources */ = {
			isa = PBXSourcesBuildPhase;
			buildActionMask = 2147483647;
			files = (
				F7E498722BC5419E00E5D0DA /* alertNukeTests.swift in Sources */,
			);
			runOnlyForDeploymentPostprocessing = 0;
		};
		F7E498732BC5419E00E5D0DA /* Sources */ = {
			isa = PBXSourcesBuildPhase;
			buildActionMask = 2147483647;
			files = (
				F7E4987E2BC5419E00E5D0DA /* alertNukeUITestsLaunchTests.swift in Sources */,
				F7E4987C2BC5419E00E5D0DA /* alertNukeUITests.swift in Sources */,
			);
			runOnlyForDeploymentPostprocessing = 0;
		};
/* End PBXSourcesBuildPhase section */

/* Begin PBXTargetDependency section */
		F7E4986F2BC5419E00E5D0DA /* PBXTargetDependency */ = {
			isa = PBXTargetDependency;
			target = F7E498562BC5419D00E5D0DA /* alertNuke */;
			targetProxy = F7E4986E2BC5419E00E5D0DA /* PBXContainerItemProxy */;
		};
		F7E498792BC5419E00E5D0DA /* PBXTargetDependency */ = {
			isa = PBXTargetDependency;
			target = F7E498562BC5419D00E5D0DA /* alertNuke */;
			targetProxy = F7E498782BC5419E00E5D0DA /* PBXContainerItemProxy */;
		};
/* End PBXTargetDependency section */

/* Begin XCBuildConfiguration section */
		F7E4987F2BC5419E00E5D0DA /* Debug */ = {
			isa = XCBuildConfiguration;
			buildSettings = {
				ALWAYS_SEARCH_USER_PATHS = NO;
				ASSETCATALOG_COMPILER_GENERATE_SWIFT_ASSET_SYMBOL_EXTENSIONS = YES;
				CLANG_ANALYZER_NONNULL = YES;
				CLANG_ANALYZER_NUMBER_OBJECT_CONVERSION = YES_AGGRESSIVE;
				CLANG_CXX_LANGUAGE_STANDARD = "gnu++20";
				CLANG_ENABLE_MODULES = YES;
				CLANG_ENABLE_OBJC_ARC = YES;
				CLANG_ENABLE_OBJC_WEAK = YES;
				CLANG_WARN_BLOCK_CAPTURE_AUTORELEASING = YES;
				CLANG_WARN_BOOL_CONVERSION = YES;
				CLANG_WARN_COMMA = YES;
				CLANG_WARN_CONSTANT_CONVERSION = YES;
				CLANG_WARN_DEPRECATED_OBJC_IMPLEMENTATIONS = YES;
				CLANG_WARN_DIRECT_OBJC_ISA_USAGE = YES_ERROR;
				CLANG_WARN_DOCUMENTATION_COMMENTS = YES;
				CLANG_WARN_EMPTY_BODY = YES;
				CLANG_WARN_ENUM_CONVERSION = YES;
				CLANG_WARN_INFINITE_RECURSION = YES;
				CLANG_WARN_INT_CONVERSION = YES;
				CLANG_WARN_NON_LITERAL_NULL_CONVERSION = YES;
				CLANG_WARN_OBJC_IMPLICIT_RETAIN_SELF = YES;
				CLANG_WARN_OBJC_LITERAL_CONVERSION = YES;
				CLANG_WARN_OBJC_ROOT_CLASS = YES_ERROR;
				CLANG_WARN_QUOTED_INCLUDE_IN_FRAMEWORK_HEADER = YES;
				CLANG_WARN_RANGE_LOOP_ANALYSIS = YES;
				CLANG_WARN_STRICT_PROTOTYPES = YES;
				CLANG_WARN_SUSPICIOUS_MOVE = YES;
				CLANG_WARN_UNGUARDED_AVAILABILITY = YES_AGGRESSIVE;
				CLANG_WARN_UNREACHABLE_CODE = YES;
				CLANG_WARN__DUPLICATE_METHOD_MATCH = YES;
				COPY_PHASE_STRIP = NO;
				DEBUG_INFORMATION_FORMAT = dwarf;
				ENABLE_STRICT_OBJC_MSGSEND = YES;
				ENABLE_TESTABILITY = YES;
				ENABLE_USER_SCRIPT_SANDBOXING = YES;
				GCC_C_LANGUAGE_STANDARD = gnu17;
				GCC_DYNAMIC_NO_PIC = NO;
				GCC_NO_COMMON_BLOCKS = YES;
				GCC_OPTIMIZATION_LEVEL = 0;
				GCC_PREPROCESSOR_DEFINITIONS = (
					"DEBUG=1",
					"$(inherited)",
				);
				GCC_WARN_64_TO_32_BIT_CONVERSION = YES;
				GCC_WARN_ABOUT_RETURN_TYPE = YES_ERROR;
				GCC_WARN_UNDECLARED_SELECTOR = YES;
				GCC_WARN_UNINITIALIZED_AUTOS = YES_AGGRESSIVE;
				GCC_WARN_UNUSED_FUNCTION = YES;
				GCC_WARN_UNUSED_VARIABLE = YES;
				LOCALIZATION_PREFERS_STRING_CATALOGS = YES;
				MTL_ENABLE_DEBUG_INFO = INCLUDE_SOURCE;
				MTL_FAST_MATH = YES;
				ONLY_ACTIVE_ARCH = YES;
				SWIFT_ACTIVE_COMPILATION_CONDITIONS = "DEBUG $(inherited)";
				SWIFT_OPTIMIZATION_LEVEL = "-Onone";
			};
			name = Debug;
		};
		F7E498802BC5419E00E5D0DA /* Release */ = {
			isa = XCBuildConfiguration;
			buildSettings = {
				ALWAYS_SEARCH_USER_PATHS = NO;
				ASSETCATALOG_COMPILER_GENERATE_SWIFT_ASSET_SYMBOL_EXTENSIONS = YES;
				CLANG_ANALYZER_NONNULL = YES;
				CLANG_ANALYZER_NUMBER_OBJECT_CONVERSION = YES_AGGRESSIVE;
				CLANG_CXX_LANGUAGE_STANDARD = "gnu++20";
				CLANG_ENABLE_MODULES = YES;
				CLANG_ENABLE_OBJC_ARC = YES;
				CLANG_ENABLE_OBJC_WEAK = YES;
				CLANG_WARN_BLOCK_CAPTURE_AUTORELEASING = YES;
				CLANG_WARN_BOOL_CONVERSION = YES;
				CLANG_WARN_COMMA = YES;
				CLANG_WARN_CONSTANT_CONVERSION = YES;
				CLANG_WARN_DEPRECATED_OBJC_IMPLEMENTATIONS = YES;
				CLANG_WARN_DIRECT_OBJC_ISA_USAGE = YES_ERROR;
				CLANG_WARN_DOCUMENTATION_COMMENTS = YES;
				CLANG_WARN_EMPTY_BODY = YES;
				CLANG_WARN_ENUM_CONVERSION = YES;
				CLANG_WARN_INFINITE_RECURSION = YES;
				CLANG_WARN_INT_CONVERSION = YES;
				CLANG_WARN_NON_LITERAL_NULL_CONVERSION = YES;
				CLANG_WARN_OBJC_IMPLICIT_RETAIN_SELF = YES;
				CLANG_WARN_OBJC_LITERAL_CONVERSION = YES;
				CLANG_WARN_OBJC_ROOT_CLASS = YES_ERROR;
				CLANG_WARN_QUOTED_INCLUDE_IN_FRAMEWORK_HEADER = YES;
				CLANG_WARN_RANGE_LOOP_ANALYSIS = YES;
				CLANG_WARN_STRICT_PROTOTYPES = YES;
				CLANG_WARN_SUSPICIOUS_MOVE = YES;
				CLANG_WARN_UNGUARDED_AVAILABILITY = YES_AGGRESSIVE;
				CLANG_WARN_UNREACHABLE_CODE = YES;
				CLANG_WARN__DUPLICATE_METHOD_MATCH = YES;
				COPY_PHASE_STRIP = NO;
				DEBUG_INFORMATION_FORMAT = "dwarf-with-dsym";
				ENABLE_NS_ASSERTIONS = NO;
				ENABLE_STRICT_OBJC_MSGSEND = YES;
				ENABLE_USER_SCRIPT_SANDBOXING = YES;
				GCC_C_LANGUAGE_STANDARD = gnu17;
				GCC_NO_COMMON_BLOCKS = YES;
				GCC_WARN_64_TO_32_BIT_CONVERSION = YES;
				GCC_WARN_ABOUT_RETURN_TYPE = YES_ERROR;
				GCC_WARN_UNDECLARED_SELECTOR = YES;
				GCC_WARN_UNINITIALIZED_AUTOS = YES_AGGRESSIVE;
				GCC_WARN_UNUSED_FUNCTION = YES;
				GCC_WARN_UNUSED_VARIABLE = YES;
				LOCALIZATION_PREFERS_STRING_CATALOGS = YES;
				MTL_ENABLE_DEBUG_INFO = NO;
				MTL_FAST_MATH = YES;
				SWIFT_COMPILATION_MODE = wholemodule;
			};
			name = Release;
		};
		F7E498822BC5419E00E5D0DA /* Debug */ = {
			isa = XCBuildConfiguration;
			buildSettings = {
				ASSETCATALOG_COMPILER_APPICON_NAME = AppIcon;
				ASSETCATALOG_COMPILER_GLOBAL_ACCENT_COLOR_NAME = AccentColor;
				CODE_SIGN_ENTITLEMENTS = alertNuke/alertNuke.entitlements;
				CODE_SIGN_STYLE = Automatic;
				CURRENT_PROJECT_VERSION = 1;
				DEVELOPMENT_ASSET_PATHS = "\"alertNuke/Preview Content\"";
				DEVELOPMENT_TEAM = 8XB54989W2;
				ENABLE_HARDENED_RUNTIME = YES;
				ENABLE_PREVIEWS = YES;
				GENERATE_INFOPLIST_FILE = YES;
				"INFOPLIST_KEY_UIApplicationSceneManifest_Generation[sdk=iphoneos*]" = YES;
				"INFOPLIST_KEY_UIApplicationSceneManifest_Generation[sdk=iphonesimulator*]" = YES;
				"INFOPLIST_KEY_UIApplicationSupportsIndirectInputEvents[sdk=iphoneos*]" = YES;
				"INFOPLIST_KEY_UIApplicationSupportsIndirectInputEvents[sdk=iphonesimulator*]" = YES;
				"INFOPLIST_KEY_UILaunchScreen_Generation[sdk=iphoneos*]" = YES;
				"INFOPLIST_KEY_UILaunchScreen_Generation[sdk=iphonesimulator*]" = YES;
				"INFOPLIST_KEY_UIStatusBarStyle[sdk=iphoneos*]" = UIStatusBarStyleDefault;
				"INFOPLIST_KEY_UIStatusBarStyle[sdk=iphonesimulator*]" = UIStatusBarStyleDefault;
				INFOPLIST_KEY_UISupportedInterfaceOrientations_iPad = "UIInterfaceOrientationPortrait UIInterfaceOrientationPortraitUpsideDown UIInterfaceOrientationLandscapeLeft UIInterfaceOrientationLandscapeRight";
				INFOPLIST_KEY_UISupportedInterfaceOrientations_iPhone = "UIInterfaceOrientationPortrait UIInterfaceOrientationLandscapeLeft UIInterfaceOrientationLandscapeRight";
				IPHONEOS_DEPLOYMENT_TARGET = 17.2;
				LD_RUNPATH_SEARCH_PATHS = "@executable_path/Frameworks";
				"LD_RUNPATH_SEARCH_PATHS[sdk=macosx*]" = "@executable_path/../Frameworks";
				MACOSX_DEPLOYMENT_TARGET = 14.2;
				MARKETING_VERSION = 1.0;
				PRODUCT_BUNDLE_IDENTIFIER = com.maxim.alertNuke.alertNuke;
				PRODUCT_NAME = "$(TARGET_NAME)";
				SDKROOT = auto;
				SUPPORTED_PLATFORMS = "iphoneos iphonesimulator macosx";
				SWIFT_EMIT_LOC_STRINGS = YES;
				SWIFT_VERSION = 5.0;
				TARGETED_DEVICE_FAMILY = "1,2";
			};
			name = Debug;
		};
		F7E498832BC5419E00E5D0DA /* Release */ = {
			isa = XCBuildConfiguration;
			buildSettings = {
				ASSETCATALOG_COMPILER_APPICON_NAME = AppIcon;
				ASSETCATALOG_COMPILER_GLOBAL_ACCENT_COLOR_NAME = AccentColor;
				CODE_SIGN_ENTITLEMENTS = alertNuke/alertNuke.entitlements;
				CODE_SIGN_STYLE = Automatic;
				CURRENT_PROJECT_VERSION = 1;
				DEVELOPMENT_ASSET_PATHS = "\"alertNuke/Preview Content\"";
				DEVELOPMENT_TEAM = 8XB54989W2;
				ENABLE_HARDENED_RUNTIME = YES;
				ENABLE_PREVIEWS = YES;
				GENERATE_INFOPLIST_FILE = YES;
				"INFOPLIST_KEY_UIApplicationSceneManifest_Generation[sdk=iphoneos*]" = YES;
				"INFOPLIST_KEY_UIApplicationSceneManifest_Generation[sdk=iphonesimulator*]" = YES;
				"INFOPLIST_KEY_UIApplicationSupportsIndirectInputEvents[sdk=iphoneos*]" = YES;
				"INFOPLIST_KEY_UIApplicationSupportsIndirectInputEvents[sdk=iphonesimulator*]" = YES;
				"INFOPLIST_KEY_UILaunchScreen_Generation[sdk=iphoneos*]" = YES;
				"INFOPLIST_KEY_UILaunchScreen_Generation[sdk=iphonesimulator*]" = YES;
				"INFOPLIST_KEY_UIStatusBarStyle[sdk=iphoneos*]" = UIStatusBarStyleDefault;
				"INFOPLIST_KEY_UIStatusBarStyle[sdk=iphonesimulator*]" = UIStatusBarStyleDefault;
				INFOPLIST_KEY_UISupportedInterfaceOrientations_iPad = "UIInterfaceOrientationPortrait UIInterfaceOrientationPortraitUpsideDown UIInterfaceOrientationLandscapeLeft UIInterfaceOrientationLandscapeRight";
				INFOPLIST_KEY_UISupportedInterfaceOrientations_iPhone = "UIInterfaceOrientationPortrait UIInterfaceOrientationLandscapeLeft UIInterfaceOrientationLandscapeRight";
				IPHONEOS_DEPLOYMENT_TARGET = 17.2;
				LD_RUNPATH_SEARCH_PATHS = "@executable_path/Frameworks";
				"LD_RUNPATH_SEARCH_PATHS[sdk=macosx*]" = "@executable_path/../Frameworks";
				MACOSX_DEPLOYMENT_TARGET = 14.2;
				MARKETING_VERSION = 1.0;
				PRODUCT_BUNDLE_IDENTIFIER = com.maxim.alertNuke.alertNuke;
				PRODUCT_NAME = "$(TARGET_NAME)";
				SDKROOT = auto;
				SUPPORTED_PLATFORMS = "iphoneos iphonesimulator macosx";
				SWIFT_EMIT_LOC_STRINGS = YES;
				SWIFT_VERSION = 5.0;
				TARGETED_DEVICE_FAMILY = "1,2";
			};
			name = Release;
		};
		F7E498852BC5419E00E5D0DA /* Debug */ = {
			isa = XCBuildConfiguration;
			buildSettings = {
				ALWAYS_EMBED_SWIFT_STANDARD_LIBRARIES = YES;
				BUNDLE_LOADER = "$(TEST_HOST)";
				CODE_SIGN_STYLE = Automatic;
				CURRENT_PROJECT_VERSION = 1;
				DEVELOPMENT_TEAM = 8XB54989W2;
				GENERATE_INFOPLIST_FILE = YES;
				IPHONEOS_DEPLOYMENT_TARGET = 17.2;
				MACOSX_DEPLOYMENT_TARGET = 14.2;
				MARKETING_VERSION = 1.0;
				PRODUCT_BUNDLE_IDENTIFIER = com.maxim.alertNuke.alertNukeTests;
				PRODUCT_NAME = "$(TARGET_NAME)";
				SDKROOT = auto;
				SUPPORTED_PLATFORMS = "iphoneos iphonesimulator macosx";
				SWIFT_EMIT_LOC_STRINGS = NO;
				SWIFT_VERSION = 5.0;
				TARGETED_DEVICE_FAMILY = "1,2";
				TEST_HOST = "$(BUILT_PRODUCTS_DIR)/alertNuke.app/$(BUNDLE_EXECUTABLE_FOLDER_PATH)/alertNuke";
			};
			name = Debug;
		};
		F7E498862BC5419E00E5D0DA /* Release */ = {
			isa = XCBuildConfiguration;
			buildSettings = {
				ALWAYS_EMBED_SWIFT_STANDARD_LIBRARIES = YES;
				BUNDLE_LOADER = "$(TEST_HOST)";
				CODE_SIGN_STYLE = Automatic;
				CURRENT_PROJECT_VERSION = 1;
				DEVELOPMENT_TEAM = 8XB54989W2;
				GENERATE_INFOPLIST_FILE = YES;
				IPHONEOS_DEPLOYMENT_TARGET = 17.2;
				MACOSX_DEPLOYMENT_TARGET = 14.2;
				MARKETING_VERSION = 1.0;
				PRODUCT_BUNDLE_IDENTIFIER = com.maxim.alertNuke.alertNukeTests;
				PRODUCT_NAME = "$(TARGET_NAME)";
				SDKROOT = auto;
				SUPPORTED_PLATFORMS = "iphoneos iphonesimulator macosx";
				SWIFT_EMIT_LOC_STRINGS = NO;
				SWIFT_VERSION = 5.0;
				TARGETED_DEVICE_FAMILY = "1,2";
				TEST_HOST = "$(BUILT_PRODUCTS_DIR)/alertNuke.app/$(BUNDLE_EXECUTABLE_FOLDER_PATH)/alertNuke";
			};
			name = Release;
		};
		F7E498882BC5419E00E5D0DA /* Debug */ = {
			isa = XCBuildConfiguration;
			buildSettings = {
				ALWAYS_EMBED_SWIFT_STANDARD_LIBRARIES = YES;
				CODE_SIGN_STYLE = Automatic;
				CURRENT_PROJECT_VERSION = 1;
				DEVELOPMENT_TEAM = 8XB54989W2;
				GENERATE_INFOPLIST_FILE = YES;
				IPHONEOS_DEPLOYMENT_TARGET = 17.2;
				MACOSX_DEPLOYMENT_TARGET = 14.2;
				MARKETING_VERSION = 1.0;
				PRODUCT_BUNDLE_IDENTIFIER = com.maxim.alertNuke.alertNukeUITests;
				PRODUCT_NAME = "$(TARGET_NAME)";
				SDKROOT = auto;
				SUPPORTED_PLATFORMS = "iphoneos iphonesimulator macosx";
				SWIFT_EMIT_LOC_STRINGS = NO;
				SWIFT_VERSION = 5.0;
				TARGETED_DEVICE_FAMILY = "1,2";
				TEST_TARGET_NAME = alertNuke;
			};
			name = Debug;
		};
		F7E498892BC5419E00E5D0DA /* Release */ = {
			isa = XCBuildConfiguration;
			buildSettings = {
				ALWAYS_EMBED_SWIFT_STANDARD_LIBRARIES = YES;
				CODE_SIGN_STYLE = Automatic;
				CURRENT_PROJECT_VERSION = 1;
				DEVELOPMENT_TEAM = 8XB54989W2;
				GENERATE_INFOPLIST_FILE = YES;
				IPHONEOS_DEPLOYMENT_TARGET = 17.2;
				MACOSX_DEPLOYMENT_TARGET = 14.2;
				MARKETING_VERSION = 1.0;
				PRODUCT_BUNDLE_IDENTIFIER = com.maxim.alertNuke.alertNukeUITests;
				PRODUCT_NAME = "$(TARGET_NAME)";
				SDKROOT = auto;
				SUPPORTED_PLATFORMS = "iphoneos iphonesimulator macosx";
				SWIFT_EMIT_LOC_STRINGS = NO;
				SWIFT_VERSION = 5.0;
				TARGETED_DEVICE_FAMILY = "1,2";
				TEST_TARGET_NAME = alertNuke;
			};
			name = Release;
		};
/* End XCBuildConfiguration section */

/* Begin XCConfigurationList section */
		F7E498522BC5419D00E5D0DA /* Build configuration list for PBXProject "alertNuke" */ = {
			isa = XCConfigurationList;
			buildConfigurations = (
				F7E4987F2BC5419E00E5D0DA /* Debug */,
				F7E498802BC5419E00E5D0DA /* Release */,
			);
			defaultConfigurationIsVisible = 0;
			defaultConfigurationName = Release;
		};
		F7E498812BC5419E00E5D0DA /* Build configuration list for PBXNativeTarget "alertNuke" */ = {
			isa = XCConfigurationList;
			buildConfigurations = (
				F7E498822BC5419E00E5D0DA /* Debug */,
				F7E498832BC5419E00E5D0DA /* Release */,
			);
			defaultConfigurationIsVisible = 0;
			defaultConfigurationName = Release;
		};
		F7E498842BC5419E00E5D0DA /* Build configuration list for PBXNativeTarget "alertNukeTests" */ = {
			isa = XCConfigurationList;
			buildConfigurations = (
				F7E498852BC5419E00E5D0DA /* Debug */,
				F7E498862BC5419E00E5D0DA /* Release */,
			);
			defaultConfigurationIsVisible = 0;
			defaultConfigurationName = Release;
		};
		F7E498872BC5419E00E5D0DA /* Build configuration list for PBXNativeTarget "alertNukeUITests" */ = {
			isa = XCConfigurationList;
			buildConfigurations = (
				F7E498882BC5419E00E5D0DA /* Debug */,
				F7E498892BC5419E00E5D0DA /* Release */,
			);
			defaultConfigurationIsVisible = 0;
			defaultConfigurationName = Release;
		};
/* End XCConfigurationList section */

/* Begin XCVersionGroup section */
		F7E4985E2BC5419D00E5D0DA /* alertNuke.xcdatamodeld */ = {
			isa = XCVersionGroup;
			children = (
				F7E4985F2BC5419D00E5D0DA /* alertNuke.xcdatamodel */,
			);
			currentVersion = F7E4985F2BC5419D00E5D0DA /* alertNuke.xcdatamodel */;
			path = alertNuke.xcdatamodeld;
			sourceTree = "<group>";
			versionGroupType = wrapper.xcdatamodel;
		};
/* End XCVersionGroup section */
	};
	rootObject = F7E4984F2BC5419D00E5D0DA /* Project object */;
}
